
Microsoft Visual Studio Solution File, Format Version 12.00
# Visual Studio Version 17
VisualStudioVersion = 17.9.34728.123
MinimumVisualStudioVersion = 10.0.40219.1
Project("{FAE04EC0-301F-11D3-BF4B-00C04F79EFBC}") = "parcial2examen", "parcial2examen.csproj", "{53E25E17-9F14-4880-AF12-F8217281E241}"
EndProject
Global
	GlobalSection(SolutionConfigurationPlatforms) = preSolution
		Debug|Any CPU = Debug|Any CPU
		Release|Any CPU = Release|Any CPU
	EndGlobalSection
	GlobalSection(ProjectConfigurationPlatforms) = postSolution
		{53E25E17-9F14-4880-AF12-F8217281E241}.Debug|Any CPU.ActiveCfg = Debug|Any CPU
		{53E25E17-9F14-4880-AF12-F8217281E241}.Debug|Any CPU.Build.0 = Debug|Any CPU
		{53E25E17-9F14-4880-AF12-F8217281E241}.Release|Any CPU.ActiveCfg = Release|Any CPU
		{53E25E17-9F14-4880-AF12-F8217281E241}.Release|Any CPU.Build.0 = Release|Any CPU
	EndGlobalSection
	GlobalSection(SolutionProperties) = preSolution
		HideSolutionNode = FALSE
	EndGlobalSection
	GlobalSection(ExtensibilityGlobals) = postSolution
		SolutionGuid = {516CB280-7636-48D7-BE52-BD5514925F34}
	EndGlobalSection
EndGlobal
